
Microsoft Visual Studio Solution File, Format Version 12.00
# Visual Studio 15
VisualStudioVersion = 15.0.27130.2027
MinimumVisualStudioVersion = 10.0.40219.1
Project("{FAE04EC0-301F-11D3-BF4B-00C04F79EFBC}") = "FiMA.Data", "FiMA.Data\FiMA.Data.csproj", "{2C853C24-0AEA-4211-AFCF-3950AACA1106}"
EndProject
Project("{FAE04EC0-301F-11D3-BF4B-00C04F79EFBC}") = "FiMA.Data.Common", "FiMA.Data.Common\FiMA.Data.Common.csproj", "{1A630F41-799E-4293-8740-74316FD9F68C}"
EndProject
Project("{FAE04EC0-301F-11D3-BF4B-00C04F79EFBC}") = "FiMA.Forms.FrontOffice", "FiMA.Forms.FrontOffice\FiMA.Forms.FrontOffice.csproj", "{B76811A5-9144-46BC-A8AA-981108EB3310}"
EndProject
Global
	GlobalSection(SolutionConfigurationPlatforms) = preSolution
		Debug|Any CPU = Debug|Any CPU
		Release|Any CPU = Release|Any CPU
	EndGlobalSection
	GlobalSection(ProjectConfigurationPlatforms) = postSolution
		{2C853C24-0AEA-4211-AFCF-3950AACA1106}.Debug|Any CPU.ActiveCfg = Debug|Any CPU
		{2C853C24-0AEA-4211-AFCF-3950AACA1106}.Debug|Any CPU.Build.0 = Debug|Any CPU
		{2C853C24-0AEA-4211-AFCF-3950AACA1106}.Release|Any CPU.ActiveCfg = Release|Any CPU
		{2C853C24-0AEA-4211-AFCF-3950AACA1106}.Release|Any CPU.Build.0 = Release|Any CPU
		{1A630F41-799E-4293-8740-74316FD9F68C}.Debug|Any CPU.ActiveCfg = Debug|Any CPU
		{1A630F41-799E-4293-8740-74316FD9F68C}.Debug|Any CPU.Build.0 = Debug|Any CPU
		{1A630F41-799E-4293-8740-74316FD9F68C}.Release|Any CPU.ActiveCfg = Release|Any CPU
		{1A630F41-799E-4293-8740-74316FD9F68C}.Release|Any CPU.Build.0 = Release|Any CPU
		{B76811A5-9144-46BC-A8AA-981108EB3310}.Debug|Any CPU.ActiveCfg = Debug|Any CPU
		{B76811A5-9144-46BC-A8AA-981108EB3310}.Debug|Any CPU.Build.0 = Debug|Any CPU
		{B76811A5-9144-46BC-A8AA-981108EB3310}.Release|Any CPU.ActiveCfg = Release|Any CPU
		{B76811A5-9144-46BC-A8AA-981108EB3310}.Release|Any CPU.Build.0 = Release|Any CPU
	EndGlobalSection
	GlobalSection(SolutionProperties) = preSolution
		HideSolutionNode = FALSE
	EndGlobalSection
	GlobalSection(ExtensibilityGlobals) = postSolution
		SolutionGuid = {0C543D61-3B8A-4F2B-83B3-09502BC9949E}
	EndGlobalSection
EndGlobal
